
Microsoft Visual Studio Solution File, Format Version 12.00
# Visual Studio Version 16
VisualStudioVersion = 16.0.29613.14
MinimumVisualStudioVersion = 10.0.40219.1
Project("{9A19103F-16F7-4668-BE54-9A1E7A4F7556}") = "dndb.Cards", "dndb.Cards\dndb.Cards.csproj", "{0DC5EAE6-23A4-4416-A6F9-DC1D723BDF07}"
EndProject
Project("{9A19103F-16F7-4668-BE54-9A1E7A4F7556}") = "dndb.Cards.Parser", "dndb.Cards.Parser\dndb.Cards.Parser.csproj", "{088E5BD5-9E01-4D7A-B9B0-8A96E64A8E04}"
EndProject
Project("{9A19103F-16F7-4668-BE54-9A1E7A4F7556}") = "dndb.Cards.Pdf", "dndb.Cards.Pdf\dndb.Cards.Pdf.csproj", "{F0CF2797-1320-4075-8DD9-E06BCB5DD81C}"
EndProject
Project("{FAE04EC0-301F-11D3-BF4B-00C04F79EFBC}") = "dndb.Cards.Bot", "dndb.Cards.Bot\dndb.Cards.Bot.csproj", "{66CA0916-8EB0-4610-8F84-3ED17D3F9BD7}"
EndProject
Global
	GlobalSection(SolutionConfigurationPlatforms) = preSolution
		Debug|Any CPU = Debug|Any CPU
		Release|Any CPU = Release|Any CPU
	EndGlobalSection
	GlobalSection(ProjectConfigurationPlatforms) = postSolution
		{0DC5EAE6-23A4-4416-A6F9-DC1D723BDF07}.Debug|Any CPU.ActiveCfg = Debug|Any CPU
		{0DC5EAE6-23A4-4416-A6F9-DC1D723BDF07}.Debug|Any CPU.Build.0 = Debug|Any CPU
		{0DC5EAE6-23A4-4416-A6F9-DC1D723BDF07}.Release|Any CPU.ActiveCfg = Release|Any CPU
		{0DC5EAE6-23A4-4416-A6F9-DC1D723BDF07}.Release|Any CPU.Build.0 = Release|Any CPU
		{088E5BD5-9E01-4D7A-B9B0-8A96E64A8E04}.Debug|Any CPU.ActiveCfg = Debug|Any CPU
		{088E5BD5-9E01-4D7A-B9B0-8A96E64A8E04}.Debug|Any CPU.Build.0 = Debug|Any CPU
		{088E5BD5-9E01-4D7A-B9B0-8A96E64A8E04}.Release|Any CPU.ActiveCfg = Release|Any CPU
		{088E5BD5-9E01-4D7A-B9B0-8A96E64A8E04}.Release|Any CPU.Build.0 = Release|Any CPU
		{F0CF2797-1320-4075-8DD9-E06BCB5DD81C}.Debug|Any CPU.ActiveCfg = Debug|Any CPU
		{F0CF2797-1320-4075-8DD9-E06BCB5DD81C}.Debug|Any CPU.Build.0 = Debug|Any CPU
		{F0CF2797-1320-4075-8DD9-E06BCB5DD81C}.Release|Any CPU.ActiveCfg = Release|Any CPU
		{F0CF2797-1320-4075-8DD9-E06BCB5DD81C}.Release|Any CPU.Build.0 = Release|Any CPU
		{66CA0916-8EB0-4610-8F84-3ED17D3F9BD7}.Debug|Any CPU.ActiveCfg = Debug|Any CPU
		{66CA0916-8EB0-4610-8F84-3ED17D3F9BD7}.Debug|Any CPU.Build.0 = Debug|Any CPU
		{66CA0916-8EB0-4610-8F84-3ED17D3F9BD7}.Release|Any CPU.ActiveCfg = Release|Any CPU
		{66CA0916-8EB0-4610-8F84-3ED17D3F9BD7}.Release|Any CPU.Build.0 = Release|Any CPU
	EndGlobalSection
	GlobalSection(SolutionProperties) = preSolution
		HideSolutionNode = FALSE
	EndGlobalSection
	GlobalSection(ExtensibilityGlobals) = postSolution
		SolutionGuid = {6094DDB5-B265-4CA5-81FE-715F69E49E65}
	EndGlobalSection
EndGlobal
